// !$*UTF8*$!
{
	archiveVersion = 1;
	classes = {
	};
	objectVersion = 46;
	objects = {

/* Begin PBXBuildFile section */
		8AB01886194BBA68006049FA /* Foundation.framework in Frameworks */ = {isa = PBXBuildFile; fileRef = 8AB01885194BBA68006049FA /* Foundation.framework */; };
		8AB01888194BBA68006049FA /* CoreGraphics.framework in Frameworks */ = {isa = PBXBuildFile; fileRef = 8AB01887194BBA68006049FA /* CoreGraphics.framework */; };
		8AB0188A194BBA68006049FA /* UIKit.framework in Frameworks */ = {isa = PBXBuildFile; fileRef = 8AB01889194BBA68006049FA /* UIKit.framework */; };
		8AB01890194BBA68006049FA /* InfoPlist.strings in Resources */ = {isa = PBXBuildFile; fileRef = 8AB0188E194BBA68006049FA /* InfoPlist.strings */; };
		8AB01892194BBA68006049FA /* main.m in Sources */ = {isa = PBXBuildFile; fileRef = 8AB01891194BBA68006049FA /* main.m */; };
		8AB01896194BBA69006049FA /* SU_AppDelegate.m in Sources */ = {isa = PBXBuildFile; fileRef = 8AB01895194BBA69006049FA /* SU_AppDelegate.m */; };
		8AB01899194BBA69006049FA /* Main_iPhone.storyboard in Resources */ = {isa = PBXBuildFile; fileRef = 8AB01897194BBA69006049FA /* Main_iPhone.storyboard */; };
		8AB0189F194BBA6A006049FA /* SU_ViewController.m in Sources */ = {isa = PBXBuildFile; fileRef = 8AB0189E194BBA6A006049FA /* SU_ViewController.m */; };
		8AB018A1194BBA6A006049FA /* Images.xcassets in Resources */ = {isa = PBXBuildFile; fileRef = 8AB018A0194BBA6A006049FA /* Images.xcassets */; };
		8AB018A8194BBA6B006049FA /* XCTest.framework in Frameworks */ = {isa = PBXBuildFile; fileRef = 8AB018A7194BBA6A006049FA /* XCTest.framework */; };
		8AB018A9194BBA6B006049FA /* Foundation.framework in Frameworks */ = {isa = PBXBuildFile; fileRef = 8AB01885194BBA68006049FA /* Foundation.framework */; };
		8AB018AA194BBA6B006049FA /* UIKit.framework in Frameworks */ = {isa = PBXBuildFile; fileRef = 8AB01889194BBA68006049FA /* UIKit.framework */; };
		8AB018B2194BBA6B006049FA /* InfoPlist.strings in Resources */ = {isa = PBXBuildFile; fileRef = 8AB018B0194BBA6B006049FA /* InfoPlist.strings */; };
		8AB018B4194BBA6B006049FA /* ShortyTests.m in Sources */ = {isa = PBXBuildFile; fileRef = 8AB018B3194BBA6B006049FA /* ShortyTests.m */; };
		8AE515AB1986F42900149EE8 /* Main_iPad.storyboard in Resources */ = {isa = PBXBuildFile; fileRef = 8AE515AA1986F42900149EE8 /* Main_iPad.storyboard */; };
/* End PBXBuildFile section */

/* Begin PBXContainerItemProxy section */
		8AB018AB194BBA6B006049FA /* PBXContainerItemProxy */ = {
			isa = PBXContainerItemProxy;
			containerPortal = 8AB0187A194BBA67006049FA /* Project object */;
			proxyType = 1;
			remoteGlobalIDString = 8AB01881194BBA67006049FA;
			remoteInfo = Shorty;
		};
/* End PBXContainerItemProxy section */

/* Begin PBXFileReference section */
		8AB01882194BBA67006049FA /* Shorty.app */ = {isa = PBXFileReference; explicitFileType = wrapper.application; includeInIndex = 0; path = Shorty.app; sourceTree = BUILT_PRODUCTS_DIR; };
		8AB01885194BBA68006049FA /* Foundation.framework */ = {isa = PBXFileReference; lastKnownFileType = wrapper.framework; name = Foundation.framework; path = System/Library/Frameworks/Foundation.framework; sourceTree = SDKROOT; };
		8AB01887194BBA68006049FA /* CoreGraphics.framework */ = {isa = PBXFileReference; lastKnownFileType = wrapper.framework; name = CoreGraphics.framework; path = System/Library/Frameworks/CoreGraphics.framework; sourceTree = SDKROOT; };
		8AB01889194BBA68006049FA /* UIKit.framework */ = {isa = PBXFileReference; lastKnownFileType = wrapper.framework; name = UIKit.framework; path = System/Library/Frameworks/UIKit.framework; sourceTree = SDKROOT; };
		8AB0188D194BBA68006049FA /* Shorty-Info.plist */ = {isa = PBXFileReference; lastKnownFileType = text.plist.xml; path = "Shorty-Info.plist"; sourceTree = "<group>"; };
		8AB0188F194BBA68006049FA /* en */ = {isa = PBXFileReference; lastKnownFileType = text.plist.strings; name = en; path = en.lproj/InfoPlist.strings; sourceTree = "<group>"; };
		8AB01891194BBA68006049FA /* main.m */ = {isa = PBXFileReference; lastKnownFileType = sourcecode.c.objc; path = main.m; sourceTree = "<group>"; };
		8AB01893194BBA69006049FA /* Shorty-Prefix.pch */ = {isa = PBXFileReference; lastKnownFileType = sourcecode.c.h; path = "Shorty-Prefix.pch"; sourceTree = "<group>"; };
		8AB01894194BBA69006049FA /* SU_AppDelegate.h */ = {isa = PBXFileReference; lastKnownFileType = sourcecode.c.h; path = SU_AppDelegate.h; sourceTree = "<group>"; };
		8AB01895194BBA69006049FA /* SU_AppDelegate.m */ = {isa = PBXFileReference; lastKnownFileType = sourcecode.c.objc; path = SU_AppDelegate.m; sourceTree = "<group>"; };
		8AB01898194BBA69006049FA /* Base */ = {isa = PBXFileReference; lastKnownFileType = file.storyboard; name = Base; path = Base.lproj/Main_iPhone.storyboard; sourceTree = "<group>"; };
		8AB0189D194BBA6A006049FA /* SU_ViewController.h */ = {isa = PBXFileReference; lastKnownFileType = sourcecode.c.h; path = SU_ViewController.h; sourceTree = "<group>"; };
		8AB0189E194BBA6A006049FA /* SU_ViewController.m */ = {isa = PBXFileReference; lastKnownFileType = sourcecode.c.objc; path = SU_ViewController.m; sourceTree = "<group>"; };
		8AB018A0194BBA6A006049FA /* Images.xcassets */ = {isa = PBXFileReference; lastKnownFileType = folder.assetcatalog; path = Images.xcassets; sourceTree = "<group>"; };
		8AB018A6194BBA6A006049FA /* ShortyTests.xctest */ = {isa = PBXFileReference; explicitFileType = wrapper.cfbundle; includeInIndex = 0; path = ShortyTests.xctest; sourceTree = BUILT_PRODUCTS_DIR; };
		8AB018A7194BBA6A006049FA /* XCTest.framework */ = {isa = PBXFileReference; lastKnownFileType = wrapper.framework; name = XCTest.framework; path = Library/Frameworks/XCTest.framework; sourceTree = DEVELOPER_DIR; };
		8AB018AF194BBA6B006049FA /* ShortyTests-Info.plist */ = {isa = PBXFileReference; lastKnownFileType = text.plist.xml; path = "ShortyTests-Info.plist"; sourceTree = "<group>"; };
		8AB018B1194BBA6B006049FA /* en */ = {isa = PBXFileReference; lastKnownFileType = text.plist.strings; name = en; path = en.lproj/InfoPlist.strings; sourceTree = "<group>"; };
		8AB018B3194BBA6B006049FA /* ShortyTests.m */ = {isa = PBXFileReference; lastKnownFileType = sourcecode.c.objc; path = ShortyTests.m; sourceTree = "<group>"; };
		8AE515AA1986F42900149EE8 /* Main_iPad.storyboard */ = {isa = PBXFileReference; fileEncoding = 4; lastKnownFileType = file.storyboard; path = Main_iPad.storyboard; sourceTree = "<group>"; };
/* End PBXFileReference section */

/* Begin PBXFrameworksBuildPhase section */
		8AB0187F194BBA67006049FA /* Frameworks */ = {
			isa = PBXFrameworksBuildPhase;
			buildActionMask = 2147483647;
			files = (
				8AB01888194BBA68006049FA /* CoreGraphics.framework in Frameworks */,
				8AB0188A194BBA68006049FA /* UIKit.framework in Frameworks */,
				8AB01886194BBA68006049FA /* Foundation.framework in Frameworks */,
			);
			runOnlyForDeploymentPostprocessing = 0;
		};
		8AB018A3194BBA6A006049FA /* Frameworks */ = {
			isa = PBXFrameworksBuildPhase;
			buildActionMask = 2147483647;
			files = (
				8AB018A8194BBA6B006049FA /* XCTest.framework in Frameworks */,
				8AB018AA194BBA6B006049FA /* UIKit.framework in Frameworks */,
				8AB018A9194BBA6B006049FA /* Foundation.framework in Frameworks */,
			);
			runOnlyForDeploymentPostprocessing = 0;
		};
/* End PBXFrameworksBuildPhase section */

/* Begin PBXGroup section */
		8AB01879194BBA67006049FA = {
			isa = PBXGroup;
			children = (
				8AB0188B194BBA68006049FA /* Shorty */,
				8AB018AD194BBA6B006049FA /* ShortyTests */,
				8AB01884194BBA67006049FA /* Frameworks */,
				8AB01883194BBA67006049FA /* Products */,
			);
			sourceTree = "<group>";
		};
		8AB01883194BBA67006049FA /* Products */ = {
			isa = PBXGroup;
			children = (
				8AB01882194BBA67006049FA /* Shorty.app */,
				8AB018A6194BBA6A006049FA /* ShortyTests.xctest */,
			);
			name = Products;
			sourceTree = "<group>";
		};
		8AB01884194BBA67006049FA /* Frameworks */ = {
			isa = PBXGroup;
			children = (
				8AB01885194BBA68006049FA /* Foundation.framework */,
				8AB01887194BBA68006049FA /* CoreGraphics.framework */,
				8AB01889194BBA68006049FA /* UIKit.framework */,
				8AB018A7194BBA6A006049FA /* XCTest.framework */,
			);
			name = Frameworks;
			sourceTree = "<group>";
		};
		8AB0188B194BBA68006049FA /* Shorty */ = {
			isa = PBXGroup;
			children = (
				8AB01894194BBA69006049FA /* SU_AppDelegate.h */,
				8AB01895194BBA69006049FA /* SU_AppDelegate.m */,
				8AB01897194BBA69006049FA /* Main_iPhone.storyboard */,
				8AE515AA1986F42900149EE8 /* Main_iPad.storyboard */,
				8AB0189D194BBA6A006049FA /* SU_ViewController.h */,
				8AB0189E194BBA6A006049FA /* SU_ViewController.m */,
				8AB018A0194BBA6A006049FA /* Images.xcassets */,
				8AB0188C194BBA68006049FA /* Supporting Files */,
			);
			path = Shorty;
			sourceTree = "<group>";
		};
		8AB0188C194BBA68006049FA /* Supporting Files */ = {
			isa = PBXGroup;
			children = (
				8AB0188D194BBA68006049FA /* Shorty-Info.plist */,
				8AB0188E194BBA68006049FA /* InfoPlist.strings */,
				8AB01891194BBA68006049FA /* main.m */,
				8AB01893194BBA69006049FA /* Shorty-Prefix.pch */,
			);
			name = "Supporting Files";
			sourceTree = "<group>";
		};
		8AB018AD194BBA6B006049FA /* ShortyTests */ = {
			isa = PBXGroup;
			children = (
				8AB018B3194BBA6B006049FA /* ShortyTests.m */,
				8AB018AE194BBA6B006049FA /* Supporting Files */,
			);
			path = ShortyTests;
			sourceTree = "<group>";
		};
		8AB018AE194BBA6B006049FA /* Supporting Files */ = {
			isa = PBXGroup;
			children = (
				8AB018AF194BBA6B006049FA /* ShortyTests-Info.plist */,
				8AB018B0194BBA6B006049FA /* InfoPlist.strings */,
			);
			name = "Supporting Files";
			sourceTree = "<group>";
		};
/* End PBXGroup section */

/* Begin PBXNativeTarget section */
		8AB01881194BBA67006049FA /* Shorty */ = {
			isa = PBXNativeTarget;
			buildConfigurationList = 8AB018B7194BBA6B006049FA /* Build configuration list for PBXNativeTarget "Shorty" */;
			buildPhases = (
				8AB0187E194BBA67006049FA /* Sources */,
				8AB0187F194BBA67006049FA /* Frameworks */,
				8AB01880194BBA67006049FA /* Resources */,
			);
			buildRules = (
			);
			dependencies = (
			);
			name = Shorty;
			productName = Shorty;
			productReference = 8AB01882194BBA67006049FA /* Shorty.app */;
			productType = "com.apple.product-type.application";
		};
		8AB018A5194BBA6A006049FA /* ShortyTests */ = {
			isa = PBXNativeTarget;
			buildConfigurationList = 8AB018BA194BBA6B006049FA /* Build configuration list for PBXNativeTarget "ShortyTests" */;
			buildPhases = (
				8AB018A2194BBA6A006049FA /* Sources */,
				8AB018A3194BBA6A006049FA /* Frameworks */,
				8AB018A4194BBA6A006049FA /* Resources */,
			);
			buildRules = (
			);
			dependencies = (
				8AB018AC194BBA6B006049FA /* PBXTargetDependency */,
			);
			name = ShortyTests;
			productName = ShortyTests;
			productReference = 8AB018A6194BBA6A006049FA /* ShortyTests.xctest */;
			productType = "com.apple.product-type.bundle.unit-test";
		};
/* End PBXNativeTarget section */

/* Begin PBXProject section */
		8AB0187A194BBA67006049FA /* Project object */ = {
			isa = PBXProject;
			attributes = {
				CLASSPREFIX = SU_;
				LastUpgradeCheck = 0510;
				ORGANIZATIONNAME = "Ronan Sean Reilly";
				TargetAttributes = {
					8AB018A5194BBA6A006049FA = {
						TestTargetID = 8AB01881194BBA67006049FA;
					};
				};
			};
			buildConfigurationList = 8AB0187D194BBA67006049FA /* Build configuration list for PBXProject "Shorty" */;
			compatibilityVersion = "Xcode 3.2";
			developmentRegion = English;
			hasScannedForEncodings = 0;
			knownRegions = (
				en,
				Base,
			);
			mainGroup = 8AB01879194BBA67006049FA;
			productRefGroup = 8AB01883194BBA67006049FA /* Products */;
			projectDirPath = "";
			projectRoot = "";
			targets = (
				8AB01881194BBA67006049FA /* Shorty */,
				8AB018A5194BBA6A006049FA /* ShortyTests */,
			);
		};
/* End PBXProject section */

/* Begin PBXResourcesBuildPhase section */
		8AB01880194BBA67006049FA /* Resources */ = {
			isa = PBXResourcesBuildPhase;
			buildActionMask = 2147483647;
			files = (
				8AB018A1194BBA6A006049FA /* Images.xcassets in Resources */,
				8AE515AB1986F42900149EE8 /* Main_iPad.storyboard in Resources */,
				8AB01899194BBA69006049FA /* Main_iPhone.storyboard in Resources */,
				8AB01890194BBA68006049FA /* InfoPlist.strings in Resources */,
			);
			runOnlyForDeploymentPostprocessing = 0;
		};
		8AB018A4194BBA6A006049FA /* Resources */ = {
			isa = PBXResourcesBuildPhase;
			buildActionMask = 2147483647;
			files = (
				8AB018B2194BBA6B006049FA /* InfoPlist.strings in Resources */,
			);
			runOnlyForDeploymentPostprocessing = 0;
		};
/* End PBXResourcesBuildPhase section */

/* Begin PBXSourcesBuildPhase section */
		8AB0187E194BBA67006049FA /* Sources */ = {
			isa = PBXSourcesBuildPhase;
			buildActionMask = 2147483647;
			files = (
				8AB0189F194BBA6A006049FA /* SU_ViewController.m in Sources */,
				8AB01896194BBA69006049FA /* SU_AppDelegate.m in Sources */,
				8AB01892194BBA68006049FA /* main.m in Sources */,
			);
			runOnlyForDeploymentPostprocessing = 0;
		};
		8AB018A2194BBA6A006049FA /* Sources */ = {
			isa = PBXSourcesBuildPhase;
			buildActionMask = 2147483647;
			files = (
				8AB018B4194BBA6B006049FA /* ShortyTests.m in Sources */,
			);
			runOnlyForDeploymentPostprocessing = 0;
		};
/* End PBXSourcesBuildPhase section */

/* Begin PBXTargetDependency section */
		8AB018AC194BBA6B006049FA /* PBXTargetDependency */ = {
			isa = PBXTargetDependency;
			target = 8AB01881194BBA67006049FA /* Shorty */;
			targetProxy = 8AB018AB194BBA6B006049FA /* PBXContainerItemProxy */;
		};
/* End PBXTargetDependency section */

/* Begin PBXVariantGroup section */
		8AB0188E194BBA68006049FA /* InfoPlist.strings */ = {
			isa = PBXVariantGroup;
			children = (
				8AB0188F194BBA68006049FA /* en */,
			);
			name = InfoPlist.strings;
			sourceTree = "<group>";
		};
		8AB01897194BBA69006049FA /* Main_iPhone.storyboard */ = {
			isa = PBXVariantGroup;
			children = (
				8AB01898194BBA69006049FA /* Base */,
			);
			name = Main_iPhone.storyboard;
			sourceTree = "<group>";
		};
		8AB018B0194BBA6B006049FA /* InfoPlist.strings */ = {
			isa = PBXVariantGroup;
			children = (
				8AB018B1194BBA6B006049FA /* en */,
			);
			name = InfoPlist.strings;
			sourceTree = "<group>";
		};
/* End PBXVariantGroup section */

/* Begin XCBuildConfiguration section */
		8AB018B5194BBA6B006049FA /* Debug */ = {
			isa = XCBuildConfiguration;
			buildSettings = {
				ALWAYS_SEARCH_USER_PATHS = NO;
				CLANG_CXX_LANGUAGE_STANDARD = "gnu++0x";
				CLANG_CXX_LIBRARY = "libc++";
				CLANG_ENABLE_MODULES = YES;
				CLANG_ENABLE_OBJC_ARC = YES;
				CLANG_WARN_BOOL_CONVERSION = YES;
				CLANG_WARN_CONSTANT_CONVERSION = YES;
				CLANG_WARN_DIRECT_OBJC_ISA_USAGE = YES_ERROR;
				CLANG_WARN_EMPTY_BODY = YES;
				CLANG_WARN_ENUM_CONVERSION = YES;
				CLANG_WARN_INT_CONVERSION = YES;
				CLANG_WARN_OBJC_ROOT_CLASS = YES_ERROR;
				CLANG_WARN__DUPLICATE_METHOD_MATCH = YES;
				"CODE_SIGN_IDENTITY[sdk=iphoneos*]" = "iPhone Developer";
				COPY_PHASE_STRIP = NO;
				GCC_C_LANGUAGE_STANDARD = gnu99;
				GCC_DYNAMIC_NO_PIC = NO;
				GCC_OPTIMIZATION_LEVEL = 0;
				GCC_PREPROCESSOR_DEFINITIONS = (
					"DEBUG=1",
					"$(inherited)",
				);
				GCC_SYMBOLS_PRIVATE_EXTERN = NO;
				GCC_WARN_64_TO_32_BIT_CONVERSION = YES;
				GCC_WARN_ABOUT_RETURN_TYPE = YES_ERROR;
				GCC_WARN_UNDECLARED_SELECTOR = YES;
				GCC_WARN_UNINITIALIZED_AUTOS = YES_AGGRESSIVE;
				GCC_WARN_UNUSED_FUNCTION = YES;
				GCC_WARN_UNUSED_VARIABLE = YES;
				IPHONEOS_DEPLOYMENT_TARGET = 7.1;
				ONLY_ACTIVE_ARCH = YES;
				SDKROOT = iphoneos;
				TARGETED_DEVICE_FAMILY = "1,2";
			};
			name = Debug;
		};
		8AB018B6194BBA6B006049FA /* Release */ = {
			isa = XCBuildConfiguration;
			buildSettings = {
				ALWAYS_SEARCH_USER_PATHS = NO;
				CLANG_CXX_LANGUAGE_STANDARD = "gnu++0x";
				CLANG_CXX_LIBRARY = "libc++";
				CLANG_ENABLE_MODULES = YES;
				CLANG_ENABLE_OBJC_ARC = YES;
				CLANG_WARN_BOOL_CONVERSION = YES;
				CLANG_WARN_CONSTANT_CONVERSION = YES;
				CLANG_WARN_DIRECT_OBJC_ISA_USAGE = YES_ERROR;
				CLANG_WARN_EMPTY_BODY = YES;
				CLANG_WARN_ENUM_CONVERSION = YES;
				CLANG_WARN_INT_CONVERSION = YES;
				CLANG_WARN_OBJC_ROOT_CLASS = YES_ERROR;
				CLANG_WARN__DUPLICATE_METHOD_MATCH = YES;
				"CODE_SIGN_IDENTITY[sdk=iphoneos*]" = "iPhone Developer";
				COPY_PHASE_STRIP = YES;
				ENABLE_NS_ASSERTIONS = NO;
				GCC_C_LANGUAGE_STANDARD = gnu99;
				GCC_WARN_64_TO_32_BIT_CONVERSION = YES;
				GCC_WARN_ABOUT_RETURN_TYPE = YES_ERROR;
				GCC_WARN_UNDECLARED_SELECTOR = YES;
				GCC_WARN_UNINITIALIZED_AUTOS = YES_AGGRESSIVE;
				GCC_WARN_UNUSED_FUNCTION = YES;
				GCC_WARN_UNUSED_VARIABLE = YES;
				IPHONEOS_DEPLOYMENT_TARGET = 7.1;
				SDKROOT = iphoneos;
				TARGETED_DEVICE_FAMILY = "1,2";
				VALIDATE_PRODUCT = YES;
			};
			name = Release;
		};
		8AB018B8194BBA6B006049FA /* Debug */ = {
			isa = XCBuildConfiguration;
			buildSettings = {
				ASSETCATALOG_COMPILER_APPICON_NAME = AppIcon;
				ASSETCATALOG_COMPILER_LAUNCHIMAGE_NAME = LaunchImage;
				GCC_PRECOMPILE_PREFIX_HEADER = YES;
				GCC_PREFIX_HEADER = "Shorty/Shorty-Prefix.pch";
				INFOPLIST_FILE = "Shorty/Shorty-Info.plist";
				PRODUCT_NAME = "$(TARGET_NAME)";
				WRAPPER_EXTENSION = app;
			};
			name = Debug;
		};
		8AB018B9194BBA6B006049FA /* Release */ = {
			isa = XCBuildConfiguration;
			buildSettings = {
				ASSETCATALOG_COMPILER_APPICON_NAME = AppIcon;
				ASSETCATALOG_COMPILER_LAUNCHIMAGE_NAME = LaunchImage;
				GCC_PRECOMPILE_PREFIX_HEADER = YES;
				GCC_PREFIX_HEADER = "Shorty/Shorty-Prefix.pch";
				INFOPLIST_FILE = "Shorty/Shorty-Info.plist";
				PRODUCT_NAME = "$(TARGET_NAME)";
				WRAPPER_EXTENSION = app;
			};
			name = Release;
		};
		8AB018BB194BBA6B006049FA /* Debug */ = {
			isa = XCBuildConfiguration;
			buildSettings = {
				BUNDLE_LOADER = "$(BUILT_PRODUCTS_DIR)/Shorty.app/Shorty";
				FRAMEWORK_SEARCH_PATHS = (
					"$(SDKROOT)/Developer/Library/Frameworks",
					"$(inherited)",
					"$(DEVELOPER_FRAMEWORKS_DIR)",
				);
				GCC_PRECOMPILE_PREFIX_HEADER = YES;
				GCC_PREFIX_HEADER = "Shorty/Shorty-Prefix.pch";
				GCC_PREPROCESSOR_DEFINITIONS = (
					"DEBUG=1",
					"$(inherited)",
				);
				INFOPLIST_FILE = "ShortyTests/ShortyTests-Info.plist";
				PRODUCT_NAME = "$(TARGET_NAME)";
				TEST_HOST = "$(BUNDLE_LOADER)";
				WRAPPER_EXTENSION = xctest;
			};
			name = Debug;
		};
		8AB018BC194BBA6B006049FA /* Release */ = {
			isa = XCBuildConfiguration;
			buildSettings = {
				BUNDLE_LOADER = "$(BUILT_PRODUCTS_DIR)/Shorty.app/Shorty";
				FRAMEWORK_SEARCH_PATHS = (
					"$(SDKROOT)/Developer/Library/Frameworks",
					"$(inherited)",
					"$(DEVELOPER_FRAMEWORKS_DIR)",
				);
				GCC_PRECOMPILE_PREFIX_HEADER = YES;
				GCC_PREFIX_HEADER = "Shorty/Shorty-Prefix.pch";
				INFOPLIST_FILE = "ShortyTests/ShortyTests-Info.plist";
				PRODUCT_NAME = "$(TARGET_NAME)";
				TEST_HOST = "$(BUNDLE_LOADER)";
				WRAPPER_EXTENSION = xctest;
			};
			name = Release;
		};
/* End XCBuildConfiguration section */

/* Begin XCConfigurationList section */
		8AB0187D194BBA67006049FA /* Build configuration list for PBXProject "Shorty" */ = {
			isa = XCConfigurationList;
			buildConfigurations = (
				8AB018B5194BBA6B006049FA /* Debug */,
				8AB018B6194BBA6B006049FA /* Release */,
			);
			defaultConfigurationIsVisible = 0;
			defaultConfigurationName = Release;
		};
		8AB018B7194BBA6B006049FA /* Build configuration list for PBXNativeTarget "Shorty" */ = {
			isa = XCConfigurationList;
			buildConfigurations = (
				8AB018B8194BBA6B006049FA /* Debug */,
				8AB018B9194BBA6B006049FA /* Release */,
			);
			defaultConfigurationIsVisible = 0;
			defaultConfigurationName = Release;
		};
		8AB018BA194BBA6B006049FA /* Build configuration list for PBXNativeTarget "ShortyTests" */ = {
			isa = XCConfigurationList;
			buildConfigurations = (
				8AB018BB194BBA6B006049FA /* Debug */,
				8AB018BC194BBA6B006049FA /* Release */,
			);
			defaultConfigurationIsVisible = 0;
			defaultConfigurationName = Release;
		};
/* End XCConfigurationList section */
	};
	rootObject = 8AB0187A194BBA67006049FA /* Project object */;
}
